
Microsoft Visual Studio Solution File, Format Version 12.00
# Visual Studio 15
VisualStudioVersion = 15.0.26228.4
MinimumVisualStudioVersion = 10.0.40219.1
Project("{8BC9CEB8-8B4A-11D0-8D11-00A0C91BC942}") = "X64CPPDll", "X64CPPDll\X64CPPDll.vcxproj", "{A7326198-530B-45F5-B3EC-007EB9F971E7}"
EndProject
Project("{FAE04EC0-301F-11D3-BF4B-00C04F79EFBC}") = "X64CSDll.dll", "X64CSDll.dll\X64CSDll.dll.csproj", "{9FCFB534-C175-4F90-9141-776951202DFE}"
EndProject
Global
	GlobalSection(SolutionConfigurationPlatforms) = preSolution
		Debug|Any CPU = Debug|Any CPU
		Debug|x64 = Debug|x64
		Debug|x86 = Debug|x86
		Release|Any CPU = Release|Any CPU
		Release|x64 = Release|x64
		Release|x86 = Release|x86
	EndGlobalSection
	GlobalSection(ProjectConfigurationPlatforms) = postSolution
		{A7326198-530B-45F5-B3EC-007EB9F971E7}.Debug|Any CPU.ActiveCfg = Debug|Win32
		{A7326198-530B-45F5-B3EC-007EB9F971E7}.Debug|x64.ActiveCfg = Debug|x64
		{A7326198-530B-45F5-B3EC-007EB9F971E7}.Debug|x64.Build.0 = Debug|x64
		{A7326198-530B-45F5-B3EC-007EB9F971E7}.Debug|x86.ActiveCfg = Debug|Win32
		{A7326198-530B-45F5-B3EC-007EB9F971E7}.Debug|x86.Build.0 = Debug|Win32
		{A7326198-530B-45F5-B3EC-007EB9F971E7}.Release|Any CPU.ActiveCfg = Release|Win32
		{A7326198-530B-45F5-B3EC-007EB9F971E7}.Release|x64.ActiveCfg = Release|x64
		{A7326198-530B-45F5-B3EC-007EB9F971E7}.Release|x64.Build.0 = Release|x64
		{A7326198-530B-45F5-B3EC-007EB9F971E7}.Release|x86.ActiveCfg = Release|Win32
		{A7326198-530B-45F5-B3EC-007EB9F971E7}.Release|x86.Build.0 = Release|Win32
		{9FCFB534-C175-4F90-9141-776951202DFE}.Debug|Any CPU.ActiveCfg = Debug|Any CPU
		{9FCFB534-C175-4F90-9141-776951202DFE}.Debug|Any CPU.Build.0 = Debug|Any CPU
		{9FCFB534-C175-4F90-9141-776951202DFE}.Debug|x64.ActiveCfg = Debug|Any CPU
		{9FCFB534-C175-4F90-9141-776951202DFE}.Debug|x64.Build.0 = Debug|Any CPU
		{9FCFB534-C175-4F90-9141-776951202DFE}.Debug|x86.ActiveCfg = Debug|Any CPU
		{9FCFB534-C175-4F90-9141-776951202DFE}.Debug|x86.Build.0 = Debug|Any CPU
		{9FCFB534-C175-4F90-9141-776951202DFE}.Release|Any CPU.ActiveCfg = Release|Any CPU
		{9FCFB534-C175-4F90-9141-776951202DFE}.Release|Any CPU.Build.0 = Release|Any CPU
		{9FCFB534-C175-4F90-9141-776951202DFE}.Release|x64.ActiveCfg = Release|Any CPU
		{9FCFB534-C175-4F90-9141-776951202DFE}.Release|x64.Build.0 = Release|Any CPU
		{9FCFB534-C175-4F90-9141-776951202DFE}.Release|x86.ActiveCfg = Release|Any CPU
		{9FCFB534-C175-4F90-9141-776951202DFE}.Release|x86.Build.0 = Release|Any CPU
	EndGlobalSection
	GlobalSection(SolutionProperties) = preSolution
		HideSolutionNode = FALSE
	EndGlobalSection
EndGlobal
